
Microsoft Visual Studio Solution File, Format Version 12.00
# Visual Studio Version 17
VisualStudioVersion = 17.2.32616.157
MinimumVisualStudioVersion = 10.0.40219.1
Project("{FAE04EC0-301F-11D3-BF4B-00C04F79EFBC}") = "Ping Pong", "Ping Pong\Ping Pong.csproj", "{1DBE2424-5AB6-4EE2-B4CB-2E0A99992A0B}"
EndProject
Global
	GlobalSection(SolutionConfigurationPlatforms) = preSolution
		Debug|Any CPU = Debug|Any CPU
		Release|Any CPU = Release|Any CPU
	EndGlobalSection
	GlobalSection(ProjectConfigurationPlatforms) = postSolution
		{1DBE2424-5AB6-4EE2-B4CB-2E0A99992A0B}.Debug|Any CPU.ActiveCfg = Debug|Any CPU
		{1DBE2424-5AB6-4EE2-B4CB-2E0A99992A0B}.Debug|Any CPU.Build.0 = Debug|Any CPU
		{1DBE2424-5AB6-4EE2-B4CB-2E0A99992A0B}.Release|Any CPU.ActiveCfg = Release|Any CPU
		{1DBE2424-5AB6-4EE2-B4CB-2E0A99992A0B}.Release|Any CPU.Build.0 = Release|Any CPU
	EndGlobalSection
	GlobalSection(SolutionProperties) = preSolution
		HideSolutionNode = FALSE
	EndGlobalSection
	GlobalSection(ExtensibilityGlobals) = postSolution
		SolutionGuid = {58F4CDE3-2596-4E91-93C3-25DE9D25FB20}
	EndGlobalSection
EndGlobal
